
Microsoft Visual Studio Solution File, Format Version 12.00
# Visual Studio Version 16
VisualStudioVersion = 16.0.31005.135
MinimumVisualStudioVersion = 10.0.40219.1
Project("{FAE04EC0-301F-11D3-BF4B-00C04F79EFBC}") = "CytoscapeDijkstra2", "CytoscapeDijkstra2.csproj", "{7C26865C-8F5E-405F-B5C2-2DEF4A1E3809}"
EndProject
Global
	GlobalSection(SolutionConfigurationPlatforms) = preSolution
		Debug|Any CPU = Debug|Any CPU
		Release|Any CPU = Release|Any CPU
	EndGlobalSection
	GlobalSection(ProjectConfigurationPlatforms) = postSolution
		{7C26865C-8F5E-405F-B5C2-2DEF4A1E3809}.Debug|Any CPU.ActiveCfg = Debug|Any CPU
		{7C26865C-8F5E-405F-B5C2-2DEF4A1E3809}.Debug|Any CPU.Build.0 = Debug|Any CPU
		{7C26865C-8F5E-405F-B5C2-2DEF4A1E3809}.Release|Any CPU.ActiveCfg = Release|Any CPU
		{7C26865C-8F5E-405F-B5C2-2DEF4A1E3809}.Release|Any CPU.Build.0 = Release|Any CPU
	EndGlobalSection
	GlobalSection(SolutionProperties) = preSolution
		HideSolutionNode = FALSE
	EndGlobalSection
	GlobalSection(ExtensibilityGlobals) = postSolution
		SolutionGuid = {7114C60C-52AB-44DD-9FF2-E122809C6316}
	EndGlobalSection
EndGlobal
